# This file is autogenerated, do not edit; changes may be undone by the next 'dep ensure'.


[[projects]]
  digest = "1:ec06c2436972a524f863be1a6dbf9313c4f2d6631abf19f572211b2fec7d3013"
  name = "golift.io/badgedata"
  packages = [
    ".",
    "grafana",
  ]
  pruneopts = "UT"
  revision = "8d28afc8b7451c92f408c55c83ba2544bb8b992d"
  version = "v0.0.3"

[[projects]]
  digest = "1:4d2e5a73dc1500038e504a8d78b986630e3626dc027bc030ba5c75da257cdb96"
  name = "gopkg.in/yaml.v2"
  packages = ["."]
  pruneopts = "UT"
  revision = "51d6538a90f86fe93ac480b35f37b2be17fef232"
  version = "v2.2.2"

[solve-meta]
  analyzer-name = "dep"
  analyzer-version = 1
  input-imports = [
    "golift.io/badgedata",
    "golift.io/badgedata/grafana",
    "gopkg.in/yaml.v2",
  ]
  solver-name = "gps-cdcl"
  solver-version = 1
